
Microsoft Visual Studio Solution File, Format Version 12.00
Project("{FAE04EC0-301F-11D3-BF4B-00C04F79EFBC}") = "Better Sliders", "Better Sliders\Better Sliders.csproj", "{4E900CA5-F80D-4599-B896-EA062E87A617}"
EndProject
Global
	GlobalSection(SolutionConfigurationPlatforms) = preSolution
		Debug|Any CPU = Debug|Any CPU
		Release 1.1|Any CPU = Release 1.1|Any CPU
		Release 1.2|Any CPU = Release 1.2|Any CPU
		Release 1.3|Any CPU = Release 1.3|Any CPU
		Release 1.4|Any CPU = Release 1.4|Any CPU
	EndGlobalSection
	GlobalSection(ProjectConfigurationPlatforms) = postSolution
		{4E900CA5-F80D-4599-B896-EA062E87A617}.Debug|Any CPU.ActiveCfg = Release|Any CPU
		{4E900CA5-F80D-4599-B896-EA062E87A617}.Debug|Any CPU.Build.0 = Release|Any CPU
		{4E900CA5-F80D-4599-B896-EA062E87A617}.Release 1.1|Any CPU.ActiveCfg = 1.1 release|Any CPU
		{4E900CA5-F80D-4599-B896-EA062E87A617}.Release 1.1|Any CPU.Build.0 = 1.1 release|Any CPU
		{4E900CA5-F80D-4599-B896-EA062E87A617}.Release 1.2|Any CPU.ActiveCfg = 1.2 release|Any CPU
		{4E900CA5-F80D-4599-B896-EA062E87A617}.Release 1.2|Any CPU.Build.0 = 1.2 release|Any CPU
		{4E900CA5-F80D-4599-B896-EA062E87A617}.Release 1.3|Any CPU.ActiveCfg = Release 1.3|Any CPU
		{4E900CA5-F80D-4599-B896-EA062E87A617}.Release 1.3|Any CPU.Build.0 = Release 1.3|Any CPU
		{4E900CA5-F80D-4599-B896-EA062E87A617}.Release 1.4|Any CPU.ActiveCfg = Release 1.4|Any CPU
		{4E900CA5-F80D-4599-B896-EA062E87A617}.Release 1.4|Any CPU.Build.0 = Release 1.4|Any CPU
	EndGlobalSection
EndGlobal
